
Microsoft Visual Studio Solution File, Format Version 12.00
# Visual Studio Version 17
VisualStudioVersion = 17.7.34221.43
MinimumVisualStudioVersion = 10.0.40219.1
Project("{FAE04EC0-301F-11D3-BF4B-00C04F79EFBC}") = "0004 - Bro Code", "0004 - Bro Code.csproj", "{D7AFC190-70FA-451A-AAF1-7F88624332CA}"
EndProject
Global
	GlobalSection(SolutionConfigurationPlatforms) = preSolution
		Debug|Any CPU = Debug|Any CPU
		Release|Any CPU = Release|Any CPU
	EndGlobalSection
	GlobalSection(ProjectConfigurationPlatforms) = postSolution
		{D7AFC190-70FA-451A-AAF1-7F88624332CA}.Debug|Any CPU.ActiveCfg = Debug|Any CPU
		{D7AFC190-70FA-451A-AAF1-7F88624332CA}.Debug|Any CPU.Build.0 = Debug|Any CPU
		{D7AFC190-70FA-451A-AAF1-7F88624332CA}.Release|Any CPU.ActiveCfg = Release|Any CPU
		{D7AFC190-70FA-451A-AAF1-7F88624332CA}.Release|Any CPU.Build.0 = Release|Any CPU
	EndGlobalSection
	GlobalSection(SolutionProperties) = preSolution
		HideSolutionNode = FALSE
	EndGlobalSection
	GlobalSection(ExtensibilityGlobals) = postSolution
		SolutionGuid = {15003921-6690-4C93-A47F-9CDC14CBBD83}
	EndGlobalSection
EndGlobal
