
Microsoft Visual Studio Solution File, Format Version 12.00
# Visual Studio Version 17
VisualStudioVersion = 17.9.34607.119
MinimumVisualStudioVersion = 10.0.40219.1
Project("{FAE04EC0-301F-11D3-BF4B-00C04F79EFBC}") = "0006 - Calculator", "0006 - Calculator\0006 - Calculator.csproj", "{6E6C1AC3-1A04-4119-BB75-E86C70B63D5A}"
EndProject
Project("{FAE04EC0-301F-11D3-BF4B-00C04F79EFBC}") = "Test", "Test\Test.csproj", "{87317F56-EB73-4EFA-A4F1-89AC3B8FF67C}"
EndProject
Global
	GlobalSection(SolutionConfigurationPlatforms) = preSolution
		Debug|Any CPU = Debug|Any CPU
		Release|Any CPU = Release|Any CPU
	EndGlobalSection
	GlobalSection(ProjectConfigurationPlatforms) = postSolution
		{6E6C1AC3-1A04-4119-BB75-E86C70B63D5A}.Debug|Any CPU.ActiveCfg = Debug|Any CPU
		{6E6C1AC3-1A04-4119-BB75-E86C70B63D5A}.Debug|Any CPU.Build.0 = Debug|Any CPU
		{6E6C1AC3-1A04-4119-BB75-E86C70B63D5A}.Release|Any CPU.ActiveCfg = Release|Any CPU
		{6E6C1AC3-1A04-4119-BB75-E86C70B63D5A}.Release|Any CPU.Build.0 = Release|Any CPU
		{87317F56-EB73-4EFA-A4F1-89AC3B8FF67C}.Debug|Any CPU.ActiveCfg = Debug|Any CPU
		{87317F56-EB73-4EFA-A4F1-89AC3B8FF67C}.Debug|Any CPU.Build.0 = Debug|Any CPU
		{87317F56-EB73-4EFA-A4F1-89AC3B8FF67C}.Release|Any CPU.ActiveCfg = Release|Any CPU
		{87317F56-EB73-4EFA-A4F1-89AC3B8FF67C}.Release|Any CPU.Build.0 = Release|Any CPU
	EndGlobalSection
	GlobalSection(SolutionProperties) = preSolution
		HideSolutionNode = FALSE
	EndGlobalSection
	GlobalSection(ExtensibilityGlobals) = postSolution
		SolutionGuid = {50256770-CDCE-498E-91DA-7C603B5B96E7}
	EndGlobalSection
EndGlobal
